
Microsoft Visual Studio Solution File, Format Version 12.00
# Visual Studio Version 16
VisualStudioVersion = 16.0.29215.179
MinimumVisualStudioVersion = 10.0.40219.1
Project("{FAE04EC0-301F-11D3-BF4B-00C04F79EFBC}") = "ColegioAmericano", "ColegioAmericano\ColegioAmericano.csproj", "{4462A8FC-CF6C-4391-90D7-34F520EFE888}"
EndProject
Global
	GlobalSection(SolutionConfigurationPlatforms) = preSolution
		Debug|Any CPU = Debug|Any CPU
		Release|Any CPU = Release|Any CPU
	EndGlobalSection
	GlobalSection(ProjectConfigurationPlatforms) = postSolution
		{4462A8FC-CF6C-4391-90D7-34F520EFE888}.Debug|Any CPU.ActiveCfg = Debug|Any CPU
		{4462A8FC-CF6C-4391-90D7-34F520EFE888}.Debug|Any CPU.Build.0 = Debug|Any CPU
		{4462A8FC-CF6C-4391-90D7-34F520EFE888}.Release|Any CPU.ActiveCfg = Release|Any CPU
		{4462A8FC-CF6C-4391-90D7-34F520EFE888}.Release|Any CPU.Build.0 = Release|Any CPU
	EndGlobalSection
	GlobalSection(SolutionProperties) = preSolution
		HideSolutionNode = FALSE
	EndGlobalSection
	GlobalSection(ExtensibilityGlobals) = postSolution
		SolutionGuid = {78D575EF-2FD4-4571-A451-8FF9D21A3F9B}
	EndGlobalSection
EndGlobal
